// !$*UTF8*$!
{
	archiveVersion = 1;
	classes = {
	};
	objectVersion = 46;
	objects = {

/* Begin PBXBuildFile section */
		02D3A28B84F5121F16F5007C /* libPods-GSLog.a in Frameworks */ = {isa = PBXBuildFile; fileRef = F87278CCD5B0C41C2ED7620D /* libPods-GSLog.a */; };
		3CC74EA7249A271D00773B46 /* ATLog.h in Headers */ = {isa = PBXBuildFile; fileRef = 3CC74EA6249A271D00773B46 /* ATLog.h */; };
		3CC74EA9249A272400773B46 /* ATPrettyLog.h in Headers */ = {isa = PBXBuildFile; fileRef = 3CC74EA8249A272400773B46 /* ATPrettyLog.h */; };
		3CC74EAD249A272E00773B46 /* at_preprocessor_map.h in Headers */ = {isa = PBXBuildFile; fileRef = 3CC74EAA249A272E00773B46 /* at_preprocessor_map.h */; };
		3CC74EAE249A272E00773B46 /* ATString.h in Headers */ = {isa = PBXBuildFile; fileRef = 3CC74EAB249A272E00773B46 /* ATString.h */; };
		3CC74EAF249A272E00773B46 /* ATString.m in Sources */ = {isa = PBXBuildFile; fileRef = 3CC74EAC249A272E00773B46 /* ATString.m */; };
		6DF9C9801CD33FB800B09E0A /* GSLog.h in Headers */ = {isa = PBXBuildFile; fileRef = 6DF9C97F1CD33FB800B09E0A /* GSLog.h */; settings = {ATTRIBUTES = (Public, ); }; };
/* End PBXBuildFile section */

/* Begin PBXFileReference section */
		2C799B98A056D1BD96BB9D76 /* Pods-GSLog.release.xcconfig */ = {isa = PBXFileReference; includeInIndex = 1; lastKnownFileType = text.xcconfig; name = "Pods-GSLog.release.xcconfig"; path = "Target Support Files/Pods-GSLog/Pods-GSLog.release.xcconfig"; sourceTree = "<group>"; };
		32CE1A09F23E27CAF14C9166 /* Pods-GSLog.debug.xcconfig */ = {isa = PBXFileReference; includeInIndex = 1; lastKnownFileType = text.xcconfig; name = "Pods-GSLog.debug.xcconfig"; path = "Target Support Files/Pods-GSLog/Pods-GSLog.debug.xcconfig"; sourceTree = "<group>"; };
		3CC74EA6249A271D00773B46 /* ATLog.h */ = {isa = PBXFileReference; fileEncoding = 4; lastKnownFileType = sourcecode.c.h; path = ATLog.h; sourceTree = "<group>"; };
		3CC74EA8249A272400773B46 /* ATPrettyLog.h */ = {isa = PBXFileReference; fileEncoding = 4; lastKnownFileType = sourcecode.c.h; path = ATPrettyLog.h; sourceTree = "<group>"; };
		3CC74EAA249A272E00773B46 /* at_preprocessor_map.h */ = {isa = PBXFileReference; fileEncoding = 4; lastKnownFileType = sourcecode.c.h; path = at_preprocessor_map.h; sourceTree = "<group>"; };
		3CC74EAB249A272E00773B46 /* ATString.h */ = {isa = PBXFileReference; fileEncoding = 4; lastKnownFileType = sourcecode.c.h; path = ATString.h; sourceTree = "<group>"; };
		3CC74EAC249A272E00773B46 /* ATString.m */ = {isa = PBXFileReference; fileEncoding = 4; lastKnownFileType = sourcecode.c.objc; path = ATString.m; sourceTree = "<group>"; };
		6DF9C97C1CD33FB800B09E0A /* GSLog.framework */ = {isa = PBXFileReference; explicitFileType = wrapper.framework; includeInIndex = 0; path = GSLog.framework; sourceTree = BUILT_PRODUCTS_DIR; };
		6DF9C97F1CD33FB800B09E0A /* GSLog.h */ = {isa = PBXFileReference; lastKnownFileType = sourcecode.c.h; path = GSLog.h; sourceTree = "<group>"; };
		6DF9C9811CD33FB800B09E0A /* Info.plist */ = {isa = PBXFileReference; lastKnownFileType = text.plist.xml; path = Info.plist; sourceTree = "<group>"; };
		F87278CCD5B0C41C2ED7620D /* libPods-GSLog.a */ = {isa = PBXFileReference; explicitFileType = archive.ar; includeInIndex = 0; path = "libPods-GSLog.a"; sourceTree = BUILT_PRODUCTS_DIR; };
/* End PBXFileReference section */

/* Begin PBXFrameworksBuildPhase section */
		6DF9C9781CD33FB800B09E0A /* Frameworks */ = {
			isa = PBXFrameworksBuildPhase;
			buildActionMask = 2147483647;
			files = (
				02D3A28B84F5121F16F5007C /* libPods-GSLog.a in Frameworks */,
			);
			runOnlyForDeploymentPostprocessing = 0;
		};
/* End PBXFrameworksBuildPhase section */

/* Begin PBXGroup section */
		6C783D9124366F6C64DBCDF7 /* Pods */ = {
			isa = PBXGroup;
			children = (
				32CE1A09F23E27CAF14C9166 /* Pods-GSLog.debug.xcconfig */,
				2C799B98A056D1BD96BB9D76 /* Pods-GSLog.release.xcconfig */,
			);
			path = Pods;
			sourceTree = "<group>";
		};
		6DF9C9721CD33FB800B09E0A = {
			isa = PBXGroup;
			children = (
				6DF9C97E1CD33FB800B09E0A /* GSLog */,
				6DF9C97D1CD33FB800B09E0A /* Products */,
				6C783D9124366F6C64DBCDF7 /* Pods */,
				D8440D24686E67FE4FAFEC39 /* Frameworks */,
			);
			sourceTree = "<group>";
		};
		6DF9C97D1CD33FB800B09E0A /* Products */ = {
			isa = PBXGroup;
			children = (
				6DF9C97C1CD33FB800B09E0A /* GSLog.framework */,
			);
			name = Products;
			sourceTree = "<group>";
		};
		6DF9C97E1CD33FB800B09E0A /* GSLog */ = {
			isa = PBXGroup;
			children = (
				3CC74EAA249A272E00773B46 /* at_preprocessor_map.h */,
				3CC74EAB249A272E00773B46 /* ATString.h */,
				3CC74EAC249A272E00773B46 /* ATString.m */,
				3CC74EA6249A271D00773B46 /* ATLog.h */,
				3CC74EA8249A272400773B46 /* ATPrettyLog.h */,
				6DF9C97F1CD33FB800B09E0A /* GSLog.h */,
				6DF9C9811CD33FB800B09E0A /* Info.plist */,
			);
			path = GSLog;
			sourceTree = "<group>";
		};
		D8440D24686E67FE4FAFEC39 /* Frameworks */ = {
			isa = PBXGroup;
			children = (
				F87278CCD5B0C41C2ED7620D /* libPods-GSLog.a */,
			);
			name = Frameworks;
			sourceTree = "<group>";
		};
/* End PBXGroup section */

/* Begin PBXHeadersBuildPhase section */
		6DF9C9791CD33FB800B09E0A /* Headers */ = {
			isa = PBXHeadersBuildPhase;
			buildActionMask = 2147483647;
			files = (
				3CC74EA7249A271D00773B46 /* ATLog.h in Headers */,
				3CC74EA9249A272400773B46 /* ATPrettyLog.h in Headers */,
				3CC74EAE249A272E00773B46 /* ATString.h in Headers */,
				6DF9C9801CD33FB800B09E0A /* GSLog.h in Headers */,
				3CC74EAD249A272E00773B46 /* at_preprocessor_map.h in Headers */,
			);
			runOnlyForDeploymentPostprocessing = 0;
		};
/* End PBXHeadersBuildPhase section */

/* Begin PBXNativeTarget section */
		6DF9C97B1CD33FB800B09E0A /* GSLog */ = {
			isa = PBXNativeTarget;
			buildConfigurationList = 6DF9C9841CD33FB800B09E0A /* Build configuration list for PBXNativeTarget "GSLog" */;
			buildPhases = (
				C05B843D50755BC59D88D0F2 /* [CP] Check Pods Manifest.lock */,
				6DF9C9771CD33FB800B09E0A /* Sources */,
				6DF9C9781CD33FB800B09E0A /* Frameworks */,
				6DF9C9791CD33FB800B09E0A /* Headers */,
				6DF9C97A1CD33FB800B09E0A /* Resources */,
			);
			buildRules = (
			);
			dependencies = (
			);
			name = GSLog;
			productName = GSLog;
			productReference = 6DF9C97C1CD33FB800B09E0A /* GSLog.framework */;
			productType = "com.apple.product-type.framework";
		};
/* End PBXNativeTarget section */

/* Begin PBXProject section */
		6DF9C9731CD33FB800B09E0A /* Project object */ = {
			isa = PBXProject;
			attributes = {
				LastUpgradeCheck = 0730;
				ORGANIZATIONNAME = "ZTech LLC";
				TargetAttributes = {
					6DF9C97B1CD33FB800B09E0A = {
						CreatedOnToolsVersion = 7.3;
					};
				};
			};
			buildConfigurationList = 6DF9C9761CD33FB800B09E0A /* Build configuration list for PBXProject "GSLog" */;
			compatibilityVersion = "Xcode 3.2";
			developmentRegion = English;
			hasScannedForEncodings = 0;
			knownRegions = (
				English,
				en,
			);
			mainGroup = 6DF9C9721CD33FB800B09E0A;
			productRefGroup = 6DF9C97D1CD33FB800B09E0A /* Products */;
			projectDirPath = "";
			projectRoot = "";
			targets = (
				6DF9C97B1CD33FB800B09E0A /* GSLog */,
			);
		};
/* End PBXProject section */

/* Begin PBXResourcesBuildPhase section */
		6DF9C97A1CD33FB800B09E0A /* Resources */ = {
			isa = PBXResourcesBuildPhase;
			buildActionMask = 2147483647;
			files = (
			);
			runOnlyForDeploymentPostprocessing = 0;
		};
/* End PBXResourcesBuildPhase section */

/* Begin PBXShellScriptBuildPhase section */
		C05B843D50755BC59D88D0F2 /* [CP] Check Pods Manifest.lock */ = {
			isa = PBXShellScriptBuildPhase;
			buildActionMask = 2147483647;
			files = (
			);
			inputFileListPaths = (
			);
			inputPaths = (
				"${PODS_PODFILE_DIR_PATH}/Podfile.lock",
				"${PODS_ROOT}/Manifest.lock",
			);
			name = "[CP] Check Pods Manifest.lock";
			outputFileListPaths = (
			);
			outputPaths = (
				"$(DERIVED_FILE_DIR)/Pods-GSLog-checkManifestLockResult.txt",
			);
			runOnlyForDeploymentPostprocessing = 0;
			shellPath = /bin/sh;
			shellScript = "diff \"${PODS_PODFILE_DIR_PATH}/Podfile.lock\" \"${PODS_ROOT}/Manifest.lock\" > /dev/null\nif [ $? != 0 ] ; then\n    # print error to STDERR\n    echo \"error: The sandbox is not in sync with the Podfile.lock. Run 'pod install' or update your CocoaPods installation.\" >&2\n    exit 1\nfi\n# This output is used by Xcode 'outputs' to avoid re-running this script phase.\necho \"SUCCESS\" > \"${SCRIPT_OUTPUT_FILE_0}\"\n";
			showEnvVarsInLog = 0;
		};
/* End PBXShellScriptBuildPhase section */

/* Begin PBXSourcesBuildPhase section */
		6DF9C9771CD33FB800B09E0A /* Sources */ = {
			isa = PBXSourcesBuildPhase;
			buildActionMask = 2147483647;
			files = (
				3CC74EAF249A272E00773B46 /* ATString.m in Sources */,
			);
			runOnlyForDeploymentPostprocessing = 0;
		};
/* End PBXSourcesBuildPhase section */

/* Begin XCBuildConfiguration section */
		6DF9C9821CD33FB800B09E0A /* Debug */ = {
			isa = XCBuildConfiguration;
			buildSettings = {
				ALWAYS_SEARCH_USER_PATHS = NO;
				CLANG_ANALYZER_NONNULL = YES;
				CLANG_CXX_LANGUAGE_STANDARD = "gnu++0x";
				CLANG_CXX_LIBRARY = "libc++";
				CLANG_ENABLE_MODULES = YES;
				CLANG_ENABLE_OBJC_ARC = YES;
				CLANG_WARN_BOOL_CONVERSION = YES;
				CLANG_WARN_CONSTANT_CONVERSION = YES;
				CLANG_WARN_DIRECT_OBJC_ISA_USAGE = YES_ERROR;
				CLANG_WARN_EMPTY_BODY = YES;
				CLANG_WARN_ENUM_CONVERSION = YES;
				CLANG_WARN_INT_CONVERSION = YES;
				CLANG_WARN_OBJC_ROOT_CLASS = YES_ERROR;
				CLANG_WARN_UNREACHABLE_CODE = YES;
				CLANG_WARN__DUPLICATE_METHOD_MATCH = YES;
				"CODE_SIGN_IDENTITY[sdk=iphoneos*]" = "iPhone Developer";
				COPY_PHASE_STRIP = NO;
				CURRENT_PROJECT_VERSION = 1;
				DEBUG_INFORMATION_FORMAT = dwarf;
				ENABLE_STRICT_OBJC_MSGSEND = YES;
				ENABLE_TESTABILITY = YES;
				GCC_C_LANGUAGE_STANDARD = gnu99;
				GCC_DYNAMIC_NO_PIC = NO;
				GCC_NO_COMMON_BLOCKS = YES;
				GCC_OPTIMIZATION_LEVEL = 0;
				GCC_PREPROCESSOR_DEFINITIONS = (
					"DEBUG=1",
					"$(inherited)",
				);
				GCC_WARN_64_TO_32_BIT_CONVERSION = YES;
				GCC_WARN_ABOUT_RETURN_TYPE = YES_ERROR;
				GCC_WARN_UNDECLARED_SELECTOR = YES;
				GCC_WARN_UNINITIALIZED_AUTOS = YES_AGGRESSIVE;
				GCC_WARN_UNUSED_FUNCTION = YES;
				GCC_WARN_UNUSED_VARIABLE = YES;
				IPHONEOS_DEPLOYMENT_TARGET = 9.3;
				MTL_ENABLE_DEBUG_INFO = YES;
				ONLY_ACTIVE_ARCH = YES;
				SDKROOT = iphoneos;
				TARGETED_DEVICE_FAMILY = "1,2";
				VERSIONING_SYSTEM = "apple-generic";
				VERSION_INFO_PREFIX = "";
			};
			name = Debug;
		};
		6DF9C9831CD33FB800B09E0A /* Release */ = {
			isa = XCBuildConfiguration;
			buildSettings = {
				ALWAYS_SEARCH_USER_PATHS = NO;
				CLANG_ANALYZER_NONNULL = YES;
				CLANG_CXX_LANGUAGE_STANDARD = "gnu++0x";
				CLANG_CXX_LIBRARY = "libc++";
				CLANG_ENABLE_MODULES = YES;
				CLANG_ENABLE_OBJC_ARC = YES;
				CLANG_WARN_BOOL_CONVERSION = YES;
				CLANG_WARN_CONSTANT_CONVERSION = YES;
				CLANG_WARN_DIRECT_OBJC_ISA_USAGE = YES_ERROR;
				CLANG_WARN_EMPTY_BODY = YES;
				CLANG_WARN_ENUM_CONVERSION = YES;
				CLANG_WARN_INT_CONVERSION = YES;
				CLANG_WARN_OBJC_ROOT_CLASS = YES_ERROR;
				CLANG_WARN_UNREACHABLE_CODE = YES;
				CLANG_WARN__DUPLICATE_METHOD_MATCH = YES;
				"CODE_SIGN_IDENTITY[sdk=iphoneos*]" = "iPhone Developer";
				COPY_PHASE_STRIP = NO;
				CURRENT_PROJECT_VERSION = 1;
				DEBUG_INFORMATION_FORMAT = "dwarf-with-dsym";
				ENABLE_NS_ASSERTIONS = NO;
				ENABLE_STRICT_OBJC_MSGSEND = YES;
				GCC_C_LANGUAGE_STANDARD = gnu99;
				GCC_NO_COMMON_BLOCKS = YES;
				GCC_WARN_64_TO_32_BIT_CONVERSION = YES;
				GCC_WARN_ABOUT_RETURN_TYPE = YES_ERROR;
				GCC_WARN_UNDECLARED_SELECTOR = YES;
				GCC_WARN_UNINITIALIZED_AUTOS = YES_AGGRESSIVE;
				GCC_WARN_UNUSED_FUNCTION = YES;
				GCC_WARN_UNUSED_VARIABLE = YES;
				IPHONEOS_DEPLOYMENT_TARGET = 9.3;
				MTL_ENABLE_DEBUG_INFO = NO;
				SDKROOT = iphoneos;
				TARGETED_DEVICE_FAMILY = "1,2";
				VALIDATE_PRODUCT = YES;
				VERSIONING_SYSTEM = "apple-generic";
				VERSION_INFO_PREFIX = "";
			};
			name = Release;
		};
		6DF9C9851CD33FB800B09E0A /* Debug */ = {
			isa = XCBuildConfiguration;
			baseConfigurationReference = 32CE1A09F23E27CAF14C9166 /* Pods-GSLog.debug.xcconfig */;
			buildSettings = {
				DEFINES_MODULE = YES;
				DYLIB_COMPATIBILITY_VERSION = 1;
				DYLIB_CURRENT_VERSION = 1;
				DYLIB_INSTALL_NAME_BASE = "@rpath";
				INFOPLIST_FILE = GSLog/Info.plist;
				INSTALL_PATH = "$(LOCAL_LIBRARY_DIR)/Frameworks";
				LD_RUNPATH_SEARCH_PATHS = "$(inherited) @executable_path/Frameworks @loader_path/Frameworks";
				PRODUCT_BUNDLE_IDENTIFIER = mn.ztech.GSLog;
				PRODUCT_NAME = "$(TARGET_NAME)";
				SKIP_INSTALL = YES;
			};
			name = Debug;
		};
		6DF9C9861CD33FB800B09E0A /* Release */ = {
			isa = XCBuildConfiguration;
			baseConfigurationReference = 2C799B98A056D1BD96BB9D76 /* Pods-GSLog.release.xcconfig */;
			buildSettings = {
				DEFINES_MODULE = YES;
				DYLIB_COMPATIBILITY_VERSION = 1;
				DYLIB_CURRENT_VERSION = 1;
				DYLIB_INSTALL_NAME_BASE = "@rpath";
				INFOPLIST_FILE = GSLog/Info.plist;
				INSTALL_PATH = "$(LOCAL_LIBRARY_DIR)/Frameworks";
				LD_RUNPATH_SEARCH_PATHS = "$(inherited) @executable_path/Frameworks @loader_path/Frameworks";
				PRODUCT_BUNDLE_IDENTIFIER = mn.ztech.GSLog;
				PRODUCT_NAME = "$(TARGET_NAME)";
				SKIP_INSTALL = YES;
			};
			name = Release;
		};
/* End XCBuildConfiguration section */

/* Begin XCConfigurationList section */
		6DF9C9761CD33FB800B09E0A /* Build configuration list for PBXProject "GSLog" */ = {
			isa = XCConfigurationList;
			buildConfigurations = (
				6DF9C9821CD33FB800B09E0A /* Debug */,
				6DF9C9831CD33FB800B09E0A /* Release */,
			);
			defaultConfigurationIsVisible = 0;
			defaultConfigurationName = Release;
		};
		6DF9C9841CD33FB800B09E0A /* Build configuration list for PBXNativeTarget "GSLog" */ = {
			isa = XCConfigurationList;
			buildConfigurations = (
				6DF9C9851CD33FB800B09E0A /* Debug */,
				6DF9C9861CD33FB800B09E0A /* Release */,
			);
			defaultConfigurationIsVisible = 0;
			defaultConfigurationName = Release;
		};
/* End XCConfigurationList section */
	};
	rootObject = 6DF9C9731CD33FB800B09E0A /* Project object */;
}
